
Microsoft Visual Studio Solution File, Format Version 12.00
# Visual Studio Version 17
VisualStudioVersion = 17.3.32922.545
MinimumVisualStudioVersion = 10.0.40219.1
Project("{FAE04EC0-301F-11D3-BF4B-00C04F79EFBC}") = "Nodes", "Nodes\Nodes.csproj", "{414C3F57-09CA-4758-AF8A-F3A98604E08D}"
EndProject
Global
	GlobalSection(SolutionConfigurationPlatforms) = preSolution
		Debug|Any CPU = Debug|Any CPU
		Release|Any CPU = Release|Any CPU
	EndGlobalSection
	GlobalSection(ProjectConfigurationPlatforms) = postSolution
		{414C3F57-09CA-4758-AF8A-F3A98604E08D}.Debug|Any CPU.ActiveCfg = Debug|Any CPU
		{414C3F57-09CA-4758-AF8A-F3A98604E08D}.Debug|Any CPU.Build.0 = Debug|Any CPU
		{414C3F57-09CA-4758-AF8A-F3A98604E08D}.Release|Any CPU.ActiveCfg = Release|Any CPU
		{414C3F57-09CA-4758-AF8A-F3A98604E08D}.Release|Any CPU.Build.0 = Release|Any CPU
	EndGlobalSection
	GlobalSection(SolutionProperties) = preSolution
		HideSolutionNode = FALSE
	EndGlobalSection
	GlobalSection(ExtensibilityGlobals) = postSolution
		SolutionGuid = {A6CB1013-F46D-4B8C-A923-275CD3CB0AE7}
	EndGlobalSection
EndGlobal
